
Microsoft Visual Studio Solution File, Format Version 11.00
# Visual Studio 2010
Project("{F184B08F-C81C-45F6-A57F-5ABD9991F28F}") = "Canteen_Management_System", "Canteen_Management_System\Canteen_Management_System.vbproj", "{A45307E1-C244-48AF-81B1-D09D9ECB4FEE}"
EndProject
Global
	GlobalSection(SolutionConfigurationPlatforms) = preSolution
		Debug|x86 = Debug|x86
		Release|x86 = Release|x86
	EndGlobalSection
	GlobalSection(ProjectConfigurationPlatforms) = postSolution
		{A45307E1-C244-48AF-81B1-D09D9ECB4FEE}.Debug|x86.ActiveCfg = Debug|x86
		{A45307E1-C244-48AF-81B1-D09D9ECB4FEE}.Debug|x86.Build.0 = Debug|x86
		{A45307E1-C244-48AF-81B1-D09D9ECB4FEE}.Release|x86.ActiveCfg = Release|x86
		{A45307E1-C244-48AF-81B1-D09D9ECB4FEE}.Release|x86.Build.0 = Release|x86
	EndGlobalSection
	GlobalSection(SolutionProperties) = preSolution
		HideSolutionNode = FALSE
	EndGlobalSection
EndGlobal
